
Microsoft Visual Studio Solution File, Format Version 12.00
# Visual Studio Version 16
VisualStudioVersion = 16.0.29009.5
MinimumVisualStudioVersion = 10.0.40219.1
Project("{FAE04EC0-301F-11D3-BF4B-00C04F79EFBC}") = "LolLoginQueuePosition", "LolLoginQueuePosition\LolLoginQueuePosition.csproj", "{17B5F20D-03AF-4CAF-B746-B6AF0E5DF109}"
EndProject
Global
	GlobalSection(SolutionConfigurationPlatforms) = preSolution
		Debug|Any CPU = Debug|Any CPU
		Release|Any CPU = Release|Any CPU
	EndGlobalSection
	GlobalSection(ProjectConfigurationPlatforms) = postSolution
		{17B5F20D-03AF-4CAF-B746-B6AF0E5DF109}.Debug|Any CPU.ActiveCfg = Debug|Any CPU
		{17B5F20D-03AF-4CAF-B746-B6AF0E5DF109}.Debug|Any CPU.Build.0 = Debug|Any CPU
		{17B5F20D-03AF-4CAF-B746-B6AF0E5DF109}.Release|Any CPU.ActiveCfg = Release|Any CPU
		{17B5F20D-03AF-4CAF-B746-B6AF0E5DF109}.Release|Any CPU.Build.0 = Release|Any CPU
	EndGlobalSection
	GlobalSection(SolutionProperties) = preSolution
		HideSolutionNode = FALSE
	EndGlobalSection
	GlobalSection(ExtensibilityGlobals) = postSolution
		SolutionGuid = {FB8D651A-AB3C-4F33-A7EF-3BAA4709780E}
	EndGlobalSection
EndGlobal
